// !$*UTF8*$!
{
	archiveVersion = 1;
	classes = {
	};
	objectVersion = 55;
	objects = {

/* Begin PBXBuildFile section */
		34F19E16288BF610009BE1CA /* AppDelegate.swift in Sources */ = {isa = PBXBuildFile; fileRef = 34F19E15288BF610009BE1CA /* AppDelegate.swift */; };
		34F19E18288BF610009BE1CA /* SceneDelegate.swift in Sources */ = {isa = PBXBuildFile; fileRef = 34F19E17288BF610009BE1CA /* SceneDelegate.swift */; };
		34F19E1A288BF610009BE1CA /* ViewController.swift in Sources */ = {isa = PBXBuildFile; fileRef = 34F19E19288BF610009BE1CA /* ViewController.swift */; };
		34F19E1D288BF610009BE1CA /* Main.storyboard in Resources */ = {isa = PBXBuildFile; fileRef = 34F19E1B288BF610009BE1CA /* Main.storyboard */; };
		34F19E1F288BF612009BE1CA /* Assets.xcassets in Resources */ = {isa = PBXBuildFile; fileRef = 34F19E1E288BF612009BE1CA /* Assets.xcassets */; };
		34F19E22288BF612009BE1CA /* LaunchScreen.storyboard in Resources */ = {isa = PBXBuildFile; fileRef = 34F19E20288BF612009BE1CA /* LaunchScreen.storyboard */; };
		34F19E2D288BF612009BE1CA /* FileMileTests.swift in Sources */ = {isa = PBXBuildFile; fileRef = 34F19E2C288BF612009BE1CA /* FileMileTests.swift */; };
		34F19E37288BF612009BE1CA /* FileMileUITests.swift in Sources */ = {isa = PBXBuildFile; fileRef = 34F19E36288BF612009BE1CA /* FileMileUITests.swift */; };
		34F19E39288BF612009BE1CA /* FileMileUITestsLaunchTests.swift in Sources */ = {isa = PBXBuildFile; fileRef = 34F19E38288BF612009BE1CA /* FileMileUITestsLaunchTests.swift */; };
/* End PBXBuildFile section */

/* Begin PBXContainerItemProxy section */
		34F19E29288BF612009BE1CA /* PBXContainerItemProxy */ = {
			isa = PBXContainerItemProxy;
			containerPortal = 34F19E0A288BF610009BE1CA /* Project object */;
			proxyType = 1;
			remoteGlobalIDString = 34F19E11288BF610009BE1CA;
			remoteInfo = FileMile;
		};
		34F19E33288BF612009BE1CA /* PBXContainerItemProxy */ = {
			isa = PBXContainerItemProxy;
			containerPortal = 34F19E0A288BF610009BE1CA /* Project object */;
			proxyType = 1;
			remoteGlobalIDString = 34F19E11288BF610009BE1CA;
			remoteInfo = FileMile;
		};
/* End PBXContainerItemProxy section */

/* Begin PBXFileReference section */
		34F19E12288BF610009BE1CA /* FileMile.app */ = {isa = PBXFileReference; explicitFileType = wrapper.application; includeInIndex = 0; path = FileMile.app; sourceTree = BUILT_PRODUCTS_DIR; };
		34F19E15288BF610009BE1CA /* AppDelegate.swift */ = {isa = PBXFileReference; lastKnownFileType = sourcecode.swift; path = AppDelegate.swift; sourceTree = "<group>"; };
		34F19E17288BF610009BE1CA /* SceneDelegate.swift */ = {isa = PBXFileReference; lastKnownFileType = sourcecode.swift; path = SceneDelegate.swift; sourceTree = "<group>"; };
		34F19E19288BF610009BE1CA /* ViewController.swift */ = {isa = PBXFileReference; lastKnownFileType = sourcecode.swift; path = ViewController.swift; sourceTree = "<group>"; };
		34F19E1C288BF610009BE1CA /* Base */ = {isa = PBXFileReference; lastKnownFileType = file.storyboard; name = Base; path = Base.lproj/Main.storyboard; sourceTree = "<group>"; };
		34F19E1E288BF612009BE1CA /* Assets.xcassets */ = {isa = PBXFileReference; lastKnownFileType = folder.assetcatalog; path = Assets.xcassets; sourceTree = "<group>"; };
		34F19E21288BF612009BE1CA /* Base */ = {isa = PBXFileReference; lastKnownFileType = file.storyboard; name = Base; path = Base.lproj/LaunchScreen.storyboard; sourceTree = "<group>"; };
		34F19E23288BF612009BE1CA /* Info.plist */ = {isa = PBXFileReference; lastKnownFileType = text.plist.xml; path = Info.plist; sourceTree = "<group>"; };
		34F19E28288BF612009BE1CA /* FileMileTests.xctest */ = {isa = PBXFileReference; explicitFileType = wrapper.cfbundle; includeInIndex = 0; path = FileMileTests.xctest; sourceTree = BUILT_PRODUCTS_DIR; };
		34F19E2C288BF612009BE1CA /* FileMileTests.swift */ = {isa = PBXFileReference; lastKnownFileType = sourcecode.swift; path = FileMileTests.swift; sourceTree = "<group>"; };
		34F19E32288BF612009BE1CA /* FileMileUITests.xctest */ = {isa = PBXFileReference; explicitFileType = wrapper.cfbundle; includeInIndex = 0; path = FileMileUITests.xctest; sourceTree = BUILT_PRODUCTS_DIR; };
		34F19E36288BF612009BE1CA /* FileMileUITests.swift */ = {isa = PBXFileReference; lastKnownFileType = sourcecode.swift; path = FileMileUITests.swift; sourceTree = "<group>"; };
		34F19E38288BF612009BE1CA /* FileMileUITestsLaunchTests.swift */ = {isa = PBXFileReference; lastKnownFileType = sourcecode.swift; path = FileMileUITestsLaunchTests.swift; sourceTree = "<group>"; };
/* End PBXFileReference section */

/* Begin PBXFrameworksBuildPhase section */
		34F19E0F288BF610009BE1CA /* Frameworks */ = {
			isa = PBXFrameworksBuildPhase;
			buildActionMask = 2147483647;
			files = (
			);
			runOnlyForDeploymentPostprocessing = 0;
		};
		34F19E25288BF612009BE1CA /* Frameworks */ = {
			isa = PBXFrameworksBuildPhase;
			buildActionMask = 2147483647;
			files = (
			);
			runOnlyForDeploymentPostprocessing = 0;
		};
		34F19E2F288BF612009BE1CA /* Frameworks */ = {
			isa = PBXFrameworksBuildPhase;
			buildActionMask = 2147483647;
			files = (
			);
			runOnlyForDeploymentPostprocessing = 0;
		};
/* End PBXFrameworksBuildPhase section */

/* Begin PBXGroup section */
		34F19E09288BF610009BE1CA = {
			isa = PBXGroup;
			children = (
				34F19E14288BF610009BE1CA /* FileMile */,
				34F19E2B288BF612009BE1CA /* FileMileTests */,
				34F19E35288BF612009BE1CA /* FileMileUITests */,
				34F19E13288BF610009BE1CA /* Products */,
			);
			sourceTree = "<group>";
		};
		34F19E13288BF610009BE1CA /* Products */ = {
			isa = PBXGroup;
			children = (
				34F19E12288BF610009BE1CA /* FileMile.app */,
				34F19E28288BF612009BE1CA /* FileMileTests.xctest */,
				34F19E32288BF612009BE1CA /* FileMileUITests.xctest */,
			);
			name = Products;
			sourceTree = "<group>";
		};
		34F19E14288BF610009BE1CA /* FileMile */ = {
			isa = PBXGroup;
			children = (
				34F19E15288BF610009BE1CA /* AppDelegate.swift */,
				34F19E17288BF610009BE1CA /* SceneDelegate.swift */,
				34F19E19288BF610009BE1CA /* ViewController.swift */,
				34F19E1B288BF610009BE1CA /* Main.storyboard */,
				34F19E1E288BF612009BE1CA /* Assets.xcassets */,
				34F19E20288BF612009BE1CA /* LaunchScreen.storyboard */,
				34F19E23288BF612009BE1CA /* Info.plist */,
			);
			path = FileMile;
			sourceTree = "<group>";
		};
		34F19E2B288BF612009BE1CA /* FileMileTests */ = {
			isa = PBXGroup;
			children = (
				34F19E2C288BF612009BE1CA /* FileMileTests.swift */,
			);
			path = FileMileTests;
			sourceTree = "<group>";
		};
		34F19E35288BF612009BE1CA /* FileMileUITests */ = {
			isa = PBXGroup;
			children = (
				34F19E36288BF612009BE1CA /* FileMileUITests.swift */,
				34F19E38288BF612009BE1CA /* FileMileUITestsLaunchTests.swift */,
			);
			path = FileMileUITests;
			sourceTree = "<group>";
		};
/* End PBXGroup section */

/* Begin PBXNativeTarget section */
		34F19E11288BF610009BE1CA /* FileMile */ = {
			isa = PBXNativeTarget;
			buildConfigurationList = 34F19E3C288BF612009BE1CA /* Build configuration list for PBXNativeTarget "FileMile" */;
			buildPhases = (
				34F19E0E288BF610009BE1CA /* Sources */,
				34F19E0F288BF610009BE1CA /* Frameworks */,
				34F19E10288BF610009BE1CA /* Resources */,
			);
			buildRules = (
			);
			dependencies = (
			);
			name = FileMile;
			productName = FileMile;
			productReference = 34F19E12288BF610009BE1CA /* FileMile.app */;
			productType = "com.apple.product-type.application";
		};
		34F19E27288BF612009BE1CA /* FileMileTests */ = {
			isa = PBXNativeTarget;
			buildConfigurationList = 34F19E3F288BF612009BE1CA /* Build configuration list for PBXNativeTarget "FileMileTests" */;
			buildPhases = (
				34F19E24288BF612009BE1CA /* Sources */,
				34F19E25288BF612009BE1CA /* Frameworks */,
				34F19E26288BF612009BE1CA /* Resources */,
			);
			buildRules = (
			);
			dependencies = (
				34F19E2A288BF612009BE1CA /* PBXTargetDependency */,
			);
			name = FileMileTests;
			productName = FileMileTests;
			productReference = 34F19E28288BF612009BE1CA /* FileMileTests.xctest */;
			productType = "com.apple.product-type.bundle.unit-test";
		};
		34F19E31288BF612009BE1CA /* FileMileUITests */ = {
			isa = PBXNativeTarget;
			buildConfigurationList = 34F19E42288BF612009BE1CA /* Build configuration list for PBXNativeTarget "FileMileUITests" */;
			buildPhases = (
				34F19E2E288BF612009BE1CA /* Sources */,
				34F19E2F288BF612009BE1CA /* Frameworks */,
				34F19E30288BF612009BE1CA /* Resources */,
			);
			buildRules = (
			);
			dependencies = (
				34F19E34288BF612009BE1CA /* PBXTargetDependency */,
			);
			name = FileMileUITests;
			productName = FileMileUITests;
			productReference = 34F19E32288BF612009BE1CA /* FileMileUITests.xctest */;
			productType = "com.apple.product-type.bundle.ui-testing";
		};
/* End PBXNativeTarget section */

/* Begin PBXProject section */
		34F19E0A288BF610009BE1CA /* Project object */ = {
			isa = PBXProject;
			attributes = {
				BuildIndependentTargetsInParallel = 1;
				LastSwiftUpdateCheck = 1330;
				LastUpgradeCheck = 1330;
				TargetAttributes = {
					34F19E11288BF610009BE1CA = {
						CreatedOnToolsVersion = 13.3;
					};
					34F19E27288BF612009BE1CA = {
						CreatedOnToolsVersion = 13.3;
						TestTargetID = 34F19E11288BF610009BE1CA;
					};
					34F19E31288BF612009BE1CA = {
						CreatedOnToolsVersion = 13.3;
						TestTargetID = 34F19E11288BF610009BE1CA;
					};
				};
			};
			buildConfigurationList = 34F19E0D288BF610009BE1CA /* Build configuration list for PBXProject "FileMile" */;
			compatibilityVersion = "Xcode 13.0";
			developmentRegion = en;
			hasScannedForEncodings = 0;
			knownRegions = (
				en,
				Base,
			);
			mainGroup = 34F19E09288BF610009BE1CA;
			productRefGroup = 34F19E13288BF610009BE1CA /* Products */;
			projectDirPath = "";
			projectRoot = "";
			targets = (
				34F19E11288BF610009BE1CA /* FileMile */,
				34F19E27288BF612009BE1CA /* FileMileTests */,
				34F19E31288BF612009BE1CA /* FileMileUITests */,
			);
		};
/* End PBXProject section */

/* Begin PBXResourcesBuildPhase section */
		34F19E10288BF610009BE1CA /* Resources */ = {
			isa = PBXResourcesBuildPhase;
			buildActionMask = 2147483647;
			files = (
				34F19E22288BF612009BE1CA /* LaunchScreen.storyboard in Resources */,
				34F19E1F288BF612009BE1CA /* Assets.xcassets in Resources */,
				34F19E1D288BF610009BE1CA /* Main.storyboard in Resources */,
			);
			runOnlyForDeploymentPostprocessing = 0;
		};
		34F19E26288BF612009BE1CA /* Resources */ = {
			isa = PBXResourcesBuildPhase;
			buildActionMask = 2147483647;
			files = (
			);
			runOnlyForDeploymentPostprocessing = 0;
		};
		34F19E30288BF612009BE1CA /* Resources */ = {
			isa = PBXResourcesBuildPhase;
			buildActionMask = 2147483647;
			files = (
			);
			runOnlyForDeploymentPostprocessing = 0;
		};
/* End PBXResourcesBuildPhase section */

/* Begin PBXSourcesBuildPhase section */
		34F19E0E288BF610009BE1CA /* Sources */ = {
			isa = PBXSourcesBuildPhase;
			buildActionMask = 2147483647;
			files = (
				34F19E1A288BF610009BE1CA /* ViewController.swift in Sources */,
				34F19E16288BF610009BE1CA /* AppDelegate.swift in Sources */,
				34F19E18288BF610009BE1CA /* SceneDelegate.swift in Sources */,
			);
			runOnlyForDeploymentPostprocessing = 0;
		};
		34F19E24288BF612009BE1CA /* Sources */ = {
			isa = PBXSourcesBuildPhase;
			buildActionMask = 2147483647;
			files = (
				34F19E2D288BF612009BE1CA /* FileMileTests.swift in Sources */,
			);
			runOnlyForDeploymentPostprocessing = 0;
		};
		34F19E2E288BF612009BE1CA /* Sources */ = {
			isa = PBXSourcesBuildPhase;
			buildActionMask = 2147483647;
			files = (
				34F19E39288BF612009BE1CA /* FileMileUITestsLaunchTests.swift in Sources */,
				34F19E37288BF612009BE1CA /* FileMileUITests.swift in Sources */,
			);
			runOnlyForDeploymentPostprocessing = 0;
		};
/* End PBXSourcesBuildPhase section */

/* Begin PBXTargetDependency section */
		34F19E2A288BF612009BE1CA /* PBXTargetDependency */ = {
			isa = PBXTargetDependency;
			target = 34F19E11288BF610009BE1CA /* FileMile */;
			targetProxy = 34F19E29288BF612009BE1CA /* PBXContainerItemProxy */;
		};
		34F19E34288BF612009BE1CA /* PBXTargetDependency */ = {
			isa = PBXTargetDependency;
			target = 34F19E11288BF610009BE1CA /* FileMile */;
			targetProxy = 34F19E33288BF612009BE1CA /* PBXContainerItemProxy */;
		};
/* End PBXTargetDependency section */

/* Begin PBXVariantGroup section */
		34F19E1B288BF610009BE1CA /* Main.storyboard */ = {
			isa = PBXVariantGroup;
			children = (
				34F19E1C288BF610009BE1CA /* Base */,
			);
			name = Main.storyboard;
			sourceTree = "<group>";
		};
		34F19E20288BF612009BE1CA /* LaunchScreen.storyboard */ = {
			isa = PBXVariantGroup;
			children = (
				34F19E21288BF612009BE1CA /* Base */,
			);
			name = LaunchScreen.storyboard;
			sourceTree = "<group>";
		};
/* End PBXVariantGroup section */

/* Begin XCBuildConfiguration section */
		34F19E3A288BF612009BE1CA /* Debug */ = {
			isa = XCBuildConfiguration;
			buildSettings = {
				ALWAYS_SEARCH_USER_PATHS = NO;
				CLANG_ANALYZER_NONNULL = YES;
				CLANG_ANALYZER_NUMBER_OBJECT_CONVERSION = YES_AGGRESSIVE;
				CLANG_CXX_LANGUAGE_STANDARD = "gnu++17";
				CLANG_ENABLE_MODULES = YES;
				CLANG_ENABLE_OBJC_ARC = YES;
				CLANG_ENABLE_OBJC_WEAK = YES;
				CLANG_WARN_BLOCK_CAPTURE_AUTORELEASING = YES;
				CLANG_WARN_BOOL_CONVERSION = YES;
				CLANG_WARN_COMMA = YES;
				CLANG_WARN_CONSTANT_CONVERSION = YES;
				CLANG_WARN_DEPRECATED_OBJC_IMPLEMENTATIONS = YES;
				CLANG_WARN_DIRECT_OBJC_ISA_USAGE = YES_ERROR;
				CLANG_WARN_DOCUMENTATION_COMMENTS = YES;
				CLANG_WARN_EMPTY_BODY = YES;
				CLANG_WARN_ENUM_CONVERSION = YES;
				CLANG_WARN_INFINITE_RECURSION = YES;
				CLANG_WARN_INT_CONVERSION = YES;
				CLANG_WARN_NON_LITERAL_NULL_CONVERSION = YES;
				CLANG_WARN_OBJC_IMPLICIT_RETAIN_SELF = YES;
				CLANG_WARN_OBJC_LITERAL_CONVERSION = YES;
				CLANG_WARN_OBJC_ROOT_CLASS = YES_ERROR;
				CLANG_WARN_QUOTED_INCLUDE_IN_FRAMEWORK_HEADER = YES;
				CLANG_WARN_RANGE_LOOP_ANALYSIS = YES;
				CLANG_WARN_STRICT_PROTOTYPES = YES;
				CLANG_WARN_SUSPICIOUS_MOVE = YES;
				CLANG_WARN_UNGUARDED_AVAILABILITY = YES_AGGRESSIVE;
				CLANG_WARN_UNREACHABLE_CODE = YES;
				CLANG_WARN__DUPLICATE_METHOD_MATCH = YES;
				COPY_PHASE_STRIP = NO;
				DEBUG_INFORMATION_FORMAT = dwarf;
				ENABLE_STRICT_OBJC_MSGSEND = YES;
				ENABLE_TESTABILITY = YES;
				GCC_C_LANGUAGE_STANDARD = gnu11;
				GCC_DYNAMIC_NO_PIC = NO;
				GCC_NO_COMMON_BLOCKS = YES;
				GCC_OPTIMIZATION_LEVEL = 0;
				GCC_PREPROCESSOR_DEFINITIONS = (
					"DEBUG=1",
					"$(inherited)",
				);
				GCC_WARN_64_TO_32_BIT_CONVERSION = YES;
				GCC_WARN_ABOUT_RETURN_TYPE = YES_ERROR;
				GCC_WARN_UNDECLARED_SELECTOR = YES;
				GCC_WARN_UNINITIALIZED_AUTOS = YES_AGGRESSIVE;
				GCC_WARN_UNUSED_FUNCTION = YES;
				GCC_WARN_UNUSED_VARIABLE = YES;
				IPHONEOS_DEPLOYMENT_TARGET = 15.4;
				MTL_ENABLE_DEBUG_INFO = INCLUDE_SOURCE;
				MTL_FAST_MATH = YES;
				ONLY_ACTIVE_ARCH = YES;
				SDKROOT = iphoneos;
				SWIFT_ACTIVE_COMPILATION_CONDITIONS = DEBUG;
				SWIFT_OPTIMIZATION_LEVEL = "-Onone";
			};
			name = Debug;
		};
		34F19E3B288BF612009BE1CA /* Release */ = {
			isa = XCBuildConfiguration;
			buildSettings = {
				ALWAYS_SEARCH_USER_PATHS = NO;
				CLANG_ANALYZER_NONNULL = YES;
				CLANG_ANALYZER_NUMBER_OBJECT_CONVERSION = YES_AGGRESSIVE;
				CLANG_CXX_LANGUAGE_STANDARD = "gnu++17";
				CLANG_ENABLE_MODULES = YES;
				CLANG_ENABLE_OBJC_ARC = YES;
				CLANG_ENABLE_OBJC_WEAK = YES;
				CLANG_WARN_BLOCK_CAPTURE_AUTORELEASING = YES;
				CLANG_WARN_BOOL_CONVERSION = YES;
				CLANG_WARN_COMMA = YES;
				CLANG_WARN_CONSTANT_CONVERSION = YES;
				CLANG_WARN_DEPRECATED_OBJC_IMPLEMENTATIONS = YES;
				CLANG_WARN_DIRECT_OBJC_ISA_USAGE = YES_ERROR;
				CLANG_WARN_DOCUMENTATION_COMMENTS = YES;
				CLANG_WARN_EMPTY_BODY = YES;
				CLANG_WARN_ENUM_CONVERSION = YES;
				CLANG_WARN_INFINITE_RECURSION = YES;
				CLANG_WARN_INT_CONVERSION = YES;
				CLANG_WARN_NON_LITERAL_NULL_CONVERSION = YES;
				CLANG_WARN_OBJC_IMPLICIT_RETAIN_SELF = YES;
				CLANG_WARN_OBJC_LITERAL_CONVERSION = YES;
				CLANG_WARN_OBJC_ROOT_CLASS = YES_ERROR;
				CLANG_WARN_QUOTED_INCLUDE_IN_FRAMEWORK_HEADER = YES;
				CLANG_WARN_RANGE_LOOP_ANALYSIS = YES;
				CLANG_WARN_STRICT_PROTOTYPES = YES;
				CLANG_WARN_SUSPICIOUS_MOVE = YES;
				CLANG_WARN_UNGUARDED_AVAILABILITY = YES_AGGRESSIVE;
				CLANG_WARN_UNREACHABLE_CODE = YES;
				CLANG_WARN__DUPLICATE_METHOD_MATCH = YES;
				COPY_PHASE_STRIP = NO;
				DEBUG_INFORMATION_FORMAT = "dwarf-with-dsym";
				ENABLE_NS_ASSERTIONS = NO;
				ENABLE_STRICT_OBJC_MSGSEND = YES;
				GCC_C_LANGUAGE_STANDARD = gnu11;
				GCC_NO_COMMON_BLOCKS = YES;
				GCC_WARN_64_TO_32_BIT_CONVERSION = YES;
				GCC_WARN_ABOUT_RETURN_TYPE = YES_ERROR;
				GCC_WARN_UNDECLARED_SELECTOR = YES;
				GCC_WARN_UNINITIALIZED_AUTOS = YES_AGGRESSIVE;
				GCC_WARN_UNUSED_FUNCTION = YES;
				GCC_WARN_UNUSED_VARIABLE = YES;
				IPHONEOS_DEPLOYMENT_TARGET = 15.4;
				MTL_ENABLE_DEBUG_INFO = NO;
				MTL_FAST_MATH = YES;
				SDKROOT = iphoneos;
				SWIFT_COMPILATION_MODE = wholemodule;
				SWIFT_OPTIMIZATION_LEVEL = "-O";
				VALIDATE_PRODUCT = YES;
			};
			name = Release;
		};
		34F19E3D288BF612009BE1CA /* Debug */ = {
			isa = XCBuildConfiguration;
			buildSettings = {
				ASSETCATALOG_COMPILER_APPICON_NAME = AppIcon;
				ASSETCATALOG_COMPILER_GLOBAL_ACCENT_COLOR_NAME = AccentColor;
				CODE_SIGN_STYLE = Automatic;
				CURRENT_PROJECT_VERSION = 1;
				DEVELOPMENT_TEAM = 967Q89UR83;
				GENERATE_INFOPLIST_FILE = YES;
				INFOPLIST_FILE = FileMile/Info.plist;
				INFOPLIST_KEY_UIApplicationSupportsIndirectInputEvents = YES;
				INFOPLIST_KEY_UILaunchStoryboardName = LaunchScreen;
				INFOPLIST_KEY_UIMainStoryboardFile = Main;
				INFOPLIST_KEY_UISupportedInterfaceOrientations_iPad = "UIInterfaceOrientationPortrait UIInterfaceOrientationPortraitUpsideDown UIInterfaceOrientationLandscapeLeft UIInterfaceOrientationLandscapeRight";
				INFOPLIST_KEY_UISupportedInterfaceOrientations_iPhone = "UIInterfaceOrientationPortrait UIInterfaceOrientationLandscapeLeft UIInterfaceOrientationLandscapeRight";
				LD_RUNPATH_SEARCH_PATHS = (
					"$(inherited)",
					"@executable_path/Frameworks",
				);
				MARKETING_VERSION = 1.0;
				PRODUCT_BUNDLE_IDENTIFIER = MCI.FileMile;
				PRODUCT_NAME = "$(TARGET_NAME)";
				SWIFT_EMIT_LOC_STRINGS = YES;
				SWIFT_VERSION = 5.0;
				TARGETED_DEVICE_FAMILY = "1,2";
			};
			name = Debug;
		};
		34F19E3E288BF612009BE1CA /* Release */ = {
			isa = XCBuildConfiguration;
			buildSettings = {
				ASSETCATALOG_COMPILER_APPICON_NAME = AppIcon;
				ASSETCATALOG_COMPILER_GLOBAL_ACCENT_COLOR_NAME = AccentColor;
				CODE_SIGN_STYLE = Automatic;
				CURRENT_PROJECT_VERSION = 1;
				DEVELOPMENT_TEAM = 967Q89UR83;
				GENERATE_INFOPLIST_FILE = YES;
				INFOPLIST_FILE = FileMile/Info.plist;
				INFOPLIST_KEY_UIApplicationSupportsIndirectInputEvents = YES;
				INFOPLIST_KEY_UILaunchStoryboardName = LaunchScreen;
				INFOPLIST_KEY_UIMainStoryboardFile = Main;
				INFOPLIST_KEY_UISupportedInterfaceOrientations_iPad = "UIInterfaceOrientationPortrait UIInterfaceOrientationPortraitUpsideDown UIInterfaceOrientationLandscapeLeft UIInterfaceOrientationLandscapeRight";
				INFOPLIST_KEY_UISupportedInterfaceOrientations_iPhone = "UIInterfaceOrientationPortrait UIInterfaceOrientationLandscapeLeft UIInterfaceOrientationLandscapeRight";
				LD_RUNPATH_SEARCH_PATHS = (
					"$(inherited)",
					"@executable_path/Frameworks",
				);
				MARKETING_VERSION = 1.0;
				PRODUCT_BUNDLE_IDENTIFIER = MCI.FileMile;
				PRODUCT_NAME = "$(TARGET_NAME)";
				SWIFT_EMIT_LOC_STRINGS = YES;
				SWIFT_VERSION = 5.0;
				TARGETED_DEVICE_FAMILY = "1,2";
			};
			name = Release;
		};
		34F19E40288BF612009BE1CA /* Debug */ = {
			isa = XCBuildConfiguration;
			buildSettings = {
				ALWAYS_EMBED_SWIFT_STANDARD_LIBRARIES = YES;
				BUNDLE_LOADER = "$(TEST_HOST)";
				CODE_SIGN_STYLE = Automatic;
				CURRENT_PROJECT_VERSION = 1;
				DEVELOPMENT_TEAM = 967Q89UR83;
				GENERATE_INFOPLIST_FILE = YES;
				IPHONEOS_DEPLOYMENT_TARGET = 15.4;
				MARKETING_VERSION = 1.0;
				PRODUCT_BUNDLE_IDENTIFIER = MCI.FileMileTests;
				PRODUCT_NAME = "$(TARGET_NAME)";
				SWIFT_EMIT_LOC_STRINGS = NO;
				SWIFT_VERSION = 5.0;
				TARGETED_DEVICE_FAMILY = "1,2";
				TEST_HOST = "$(BUILT_PRODUCTS_DIR)/FileMile.app/FileMile";
			};
			name = Debug;
		};
		34F19E41288BF612009BE1CA /* Release */ = {
			isa = XCBuildConfiguration;
			buildSettings = {
				ALWAYS_EMBED_SWIFT_STANDARD_LIBRARIES = YES;
				BUNDLE_LOADER = "$(TEST_HOST)";
				CODE_SIGN_STYLE = Automatic;
				CURRENT_PROJECT_VERSION = 1;
				DEVELOPMENT_TEAM = 967Q89UR83;
				GENERATE_INFOPLIST_FILE = YES;
				IPHONEOS_DEPLOYMENT_TARGET = 15.4;
				MARKETING_VERSION = 1.0;
				PRODUCT_BUNDLE_IDENTIFIER = MCI.FileMileTests;
				PRODUCT_NAME = "$(TARGET_NAME)";
				SWIFT_EMIT_LOC_STRINGS = NO;
				SWIFT_VERSION = 5.0;
				TARGETED_DEVICE_FAMILY = "1,2";
				TEST_HOST = "$(BUILT_PRODUCTS_DIR)/FileMile.app/FileMile";
			};
			name = Release;
		};
		34F19E43288BF612009BE1CA /* Debug */ = {
			isa = XCBuildConfiguration;
			buildSettings = {
				ALWAYS_EMBED_SWIFT_STANDARD_LIBRARIES = YES;
				CODE_SIGN_STYLE = Automatic;
				CURRENT_PROJECT_VERSION = 1;
				DEVELOPMENT_TEAM = 967Q89UR83;
				GENERATE_INFOPLIST_FILE = YES;
				MARKETING_VERSION = 1.0;
				PRODUCT_BUNDLE_IDENTIFIER = MCI.FileMileUITests;
				PRODUCT_NAME = "$(TARGET_NAME)";
				SWIFT_EMIT_LOC_STRINGS = NO;
				SWIFT_VERSION = 5.0;
				TARGETED_DEVICE_FAMILY = "1,2";
				TEST_TARGET_NAME = FileMile;
			};
			name = Debug;
		};
		34F19E44288BF612009BE1CA /* Release */ = {
			isa = XCBuildConfiguration;
			buildSettings = {
				ALWAYS_EMBED_SWIFT_STANDARD_LIBRARIES = YES;
				CODE_SIGN_STYLE = Automatic;
				CURRENT_PROJECT_VERSION = 1;
				DEVELOPMENT_TEAM = 967Q89UR83;
				GENERATE_INFOPLIST_FILE = YES;
				MARKETING_VERSION = 1.0;
				PRODUCT_BUNDLE_IDENTIFIER = MCI.FileMileUITests;
				PRODUCT_NAME = "$(TARGET_NAME)";
				SWIFT_EMIT_LOC_STRINGS = NO;
				SWIFT_VERSION = 5.0;
				TARGETED_DEVICE_FAMILY = "1,2";
				TEST_TARGET_NAME = FileMile;
			};
			name = Release;
		};
/* End XCBuildConfiguration section */

/* Begin XCConfigurationList section */
		34F19E0D288BF610009BE1CA /* Build configuration list for PBXProject "FileMile" */ = {
			isa = XCConfigurationList;
			buildConfigurations = (
				34F19E3A288BF612009BE1CA /* Debug */,
				34F19E3B288BF612009BE1CA /* Release */,
			);
			defaultConfigurationIsVisible = 0;
			defaultConfigurationName = Release;
		};
		34F19E3C288BF612009BE1CA /* Build configuration list for PBXNativeTarget "FileMile" */ = {
			isa = XCConfigurationList;
			buildConfigurations = (
				34F19E3D288BF612009BE1CA /* Debug */,
				34F19E3E288BF612009BE1CA /* Release */,
			);
			defaultConfigurationIsVisible = 0;
			defaultConfigurationName = Release;
		};
		34F19E3F288BF612009BE1CA /* Build configuration list for PBXNativeTarget "FileMileTests" */ = {
			isa = XCConfigurationList;
			buildConfigurations = (
				34F19E40288BF612009BE1CA /* Debug */,
				34F19E41288BF612009BE1CA /* Release */,
			);
			defaultConfigurationIsVisible = 0;
			defaultConfigurationName = Release;
		};
		34F19E42288BF612009BE1CA /* Build configuration list for PBXNativeTarget "FileMileUITests" */ = {
			isa = XCConfigurationList;
			buildConfigurations = (
				34F19E43288BF612009BE1CA /* Debug */,
				34F19E44288BF612009BE1CA /* Release */,
			);
			defaultConfigurationIsVisible = 0;
			defaultConfigurationName = Release;
		};
/* End XCConfigurationList section */
	};
	rootObject = 34F19E0A288BF610009BE1CA /* Project object */;
}
